
Microsoft Visual Studio Solution File, Format Version 12.00
# Visual Studio Version 16
VisualStudioVersion = 16.0.29920.165
MinimumVisualStudioVersion = 10.0.40219.1
Project("{FAE04EC0-301F-11D3-BF4B-00C04F79EFBC}") = "puchuCryptor", "puchuCryptor.csproj", "{6BEB1203-E01C-42F3-B49B-BEDD54CD084D}"
EndProject
Global
	GlobalSection(SolutionConfigurationPlatforms) = preSolution
		Debug|Any CPU = Debug|Any CPU
		Release|Any CPU = Release|Any CPU
	EndGlobalSection
	GlobalSection(ProjectConfigurationPlatforms) = postSolution
		{6BEB1203-E01C-42F3-B49B-BEDD54CD084D}.Debug|Any CPU.ActiveCfg = Debug|Any CPU
		{6BEB1203-E01C-42F3-B49B-BEDD54CD084D}.Debug|Any CPU.Build.0 = Debug|Any CPU
		{6BEB1203-E01C-42F3-B49B-BEDD54CD084D}.Release|Any CPU.ActiveCfg = Release|Any CPU
		{6BEB1203-E01C-42F3-B49B-BEDD54CD084D}.Release|Any CPU.Build.0 = Release|Any CPU
	EndGlobalSection
	GlobalSection(SolutionProperties) = preSolution
		HideSolutionNode = FALSE
	EndGlobalSection
	GlobalSection(ExtensibilityGlobals) = postSolution
		SolutionGuid = {2E4F04CA-2133-4D4C-9A22-739FAFE42D11}
	EndGlobalSection
EndGlobal
